
Microsoft Visual Studio Solution File, Format Version 12.00
# Visual Studio Version 17
VisualStudioVersion = 17.9.34728.123
MinimumVisualStudioVersion = 10.0.40219.1
Project("{FAE04EC0-301F-11D3-BF4B-00C04F79EFBC}") = "CleanArchitecture.ConsoleApp", "CleanArchitecture.ConsoleApp\CleanArchitecture.ConsoleApp.csproj", "{E5C7361F-AE52-4CD7-8795-C082BB8E365A}"
EndProject
Project("{FAE04EC0-301F-11D3-BF4B-00C04F79EFBC}") = "CleanArchitecture.Data", "CleanArchitecture.Data\CleanArchitecture.Data.csproj", "{24484AAA-9829-4AAC-9275-E49A1587FA9C}"
EndProject
Project("{FAE04EC0-301F-11D3-BF4B-00C04F79EFBC}") = "CleanArchitecture.Domain", "CleanArchitecture.Domain\CleanArchitecture.Domain.csproj", "{C903218F-DE64-485D-8E17-8612A1106298}"
EndProject
Global
	GlobalSection(SolutionConfigurationPlatforms) = preSolution
		Debug|Any CPU = Debug|Any CPU
		Release|Any CPU = Release|Any CPU
	EndGlobalSection
	GlobalSection(ProjectConfigurationPlatforms) = postSolution
		{E5C7361F-AE52-4CD7-8795-C082BB8E365A}.Debug|Any CPU.ActiveCfg = Debug|Any CPU
		{E5C7361F-AE52-4CD7-8795-C082BB8E365A}.Debug|Any CPU.Build.0 = Debug|Any CPU
		{E5C7361F-AE52-4CD7-8795-C082BB8E365A}.Release|Any CPU.ActiveCfg = Release|Any CPU
		{E5C7361F-AE52-4CD7-8795-C082BB8E365A}.Release|Any CPU.Build.0 = Release|Any CPU
		{24484AAA-9829-4AAC-9275-E49A1587FA9C}.Debug|Any CPU.ActiveCfg = Debug|Any CPU
		{24484AAA-9829-4AAC-9275-E49A1587FA9C}.Debug|Any CPU.Build.0 = Debug|Any CPU
		{24484AAA-9829-4AAC-9275-E49A1587FA9C}.Release|Any CPU.ActiveCfg = Release|Any CPU
		{24484AAA-9829-4AAC-9275-E49A1587FA9C}.Release|Any CPU.Build.0 = Release|Any CPU
		{C903218F-DE64-485D-8E17-8612A1106298}.Debug|Any CPU.ActiveCfg = Debug|Any CPU
		{C903218F-DE64-485D-8E17-8612A1106298}.Debug|Any CPU.Build.0 = Debug|Any CPU
		{C903218F-DE64-485D-8E17-8612A1106298}.Release|Any CPU.ActiveCfg = Release|Any CPU
		{C903218F-DE64-485D-8E17-8612A1106298}.Release|Any CPU.Build.0 = Release|Any CPU
	EndGlobalSection
	GlobalSection(SolutionProperties) = preSolution
		HideSolutionNode = FALSE
	EndGlobalSection
	GlobalSection(ExtensibilityGlobals) = postSolution
		SolutionGuid = {B3E9AE71-0F72-4B11-880D-3D04D83D5C59}
	EndGlobalSection
EndGlobal
